// !$*UTF8*$!
{
	archiveVersion = 1;
	classes = {
	};
	objectVersion = 46;
	objects = {

/* Begin PBXBuildFile section */
		9086B64F1A89DCCA008884A0 /* main.m in Sources */ = {isa = PBXBuildFile; fileRef = 9086B64E1A89DCCA008884A0 /* main.m */; };
		9086B6521A89DCCA008884A0 /* AppDelegate.m in Sources */ = {isa = PBXBuildFile; fileRef = 9086B6511A89DCCA008884A0 /* AppDelegate.m */; };
		9086B6551A89DCCA008884A0 /* BluetoothTool.xcdatamodeld in Sources */ = {isa = PBXBuildFile; fileRef = 9086B6531A89DCCA008884A0 /* BluetoothTool.xcdatamodeld */; };
		9086B6581A89DCCA008884A0 /* ViewController.m in Sources */ = {isa = PBXBuildFile; fileRef = 9086B6571A89DCCA008884A0 /* ViewController.m */; };
		9086B65B1A89DCCA008884A0 /* Main.storyboard in Resources */ = {isa = PBXBuildFile; fileRef = 9086B6591A89DCCA008884A0 /* Main.storyboard */; };
		9086B65D1A89DCCA008884A0 /* Images.xcassets in Resources */ = {isa = PBXBuildFile; fileRef = 9086B65C1A89DCCA008884A0 /* Images.xcassets */; };
		9086B66C1A89DCCA008884A0 /* BluetoothToolTests.m in Sources */ = {isa = PBXBuildFile; fileRef = 9086B66B1A89DCCA008884A0 /* BluetoothToolTests.m */; };
		90D239F01A89E3EC003F0382 /* ZSYPopoverListView.m in Sources */ = {isa = PBXBuildFile; fileRef = 90D239EE1A89E3EC003F0382 /* ZSYPopoverListView.m */; };
		90D239F51A89FBEA003F0382 /* fs_main_login_normal.png in Resources */ = {isa = PBXBuildFile; fileRef = 90D239F31A89FBEA003F0382 /* fs_main_login_normal.png */; };
		90D239F61A89FBEA003F0382 /* fs_main_login_selected.png in Resources */ = {isa = PBXBuildFile; fileRef = 90D239F41A89FBEA003F0382 /* fs_main_login_selected.png */; };
		90D239F91A8A0E1D003F0382 /* navigation.png in Resources */ = {isa = PBXBuildFile; fileRef = 90D239F71A8A0E1D003F0382 /* navigation.png */; };
		90D239FA1A8A0E1D003F0382 /* navigation@2x.png in Resources */ = {isa = PBXBuildFile; fileRef = 90D239F81A8A0E1D003F0382 /* navigation@2x.png */; };
		90D239FD1A8A1F3D003F0382 /* icon_search.png in Resources */ = {isa = PBXBuildFile; fileRef = 90D239FB1A8A1F3D003F0382 /* icon_search.png */; };
		90D239FE1A8A1F3D003F0382 /* icon_search@2x.png in Resources */ = {isa = PBXBuildFile; fileRef = 90D239FC1A8A1F3D003F0382 /* icon_search@2x.png */; };
		90E99F721A9088C500C78936 /* LaunchScreen.xib in Resources */ = {isa = PBXBuildFile; fileRef = 90E99F711A9088C500C78936 /* LaunchScreen.xib */; };
		90F92F181A8B7B51006833F6 /* CRBExternalAccessoryManager.m in Sources */ = {isa = PBXBuildFile; fileRef = 90F92F151A8B7B51006833F6 /* CRBExternalAccessoryManager.m */; };
		90F92F191A8B7B51006833F6 /* CRBExternalAccessorySessionController.m in Sources */ = {isa = PBXBuildFile; fileRef = 90F92F171A8B7B51006833F6 /* CRBExternalAccessorySessionController.m */; };
		90F92F231A8B860F006833F6 /* BlueToothAction.m in Sources */ = {isa = PBXBuildFile; fileRef = 90F92F1C1A8B860F006833F6 /* BlueToothAction.m */; };
		90F92F241A8B860F006833F6 /* BlueToothCharacteristic.m in Sources */ = {isa = PBXBuildFile; fileRef = 90F92F1E1A8B860F006833F6 /* BlueToothCharacteristic.m */; };
		90F92F251A8B860F006833F6 /* BlueToothHelper.m in Sources */ = {isa = PBXBuildFile; fileRef = 90F92F201A8B860F006833F6 /* BlueToothHelper.m */; };
		90F92F261A8B860F006833F6 /* BlueToothService.m in Sources */ = {isa = PBXBuildFile; fileRef = 90F92F221A8B860F006833F6 /* BlueToothService.m */; };
/* End PBXBuildFile section */

/* Begin PBXContainerItemProxy section */
		9086B6661A89DCCA008884A0 /* PBXContainerItemProxy */ = {
			isa = PBXContainerItemProxy;
			containerPortal = 9086B6411A89DCCA008884A0 /* Project object */;
			proxyType = 1;
			remoteGlobalIDString = 9086B6481A89DCCA008884A0;
			remoteInfo = BluetoothTool;
		};
/* End PBXContainerItemProxy section */

/* Begin PBXFileReference section */
		9086B6491A89DCCA008884A0 /* BluetoothTool.app */ = {isa = PBXFileReference; explicitFileType = wrapper.application; includeInIndex = 0; path = BluetoothTool.app; sourceTree = BUILT_PRODUCTS_DIR; };
		9086B64D1A89DCCA008884A0 /* Info.plist */ = {isa = PBXFileReference; lastKnownFileType = text.plist.xml; path = Info.plist; sourceTree = "<group>"; };
		9086B64E1A89DCCA008884A0 /* main.m */ = {isa = PBXFileReference; lastKnownFileType = sourcecode.c.objc; path = main.m; sourceTree = "<group>"; };
		9086B6501A89DCCA008884A0 /* AppDelegate.h */ = {isa = PBXFileReference; lastKnownFileType = sourcecode.c.h; path = AppDelegate.h; sourceTree = "<group>"; };
		9086B6511A89DCCA008884A0 /* AppDelegate.m */ = {isa = PBXFileReference; lastKnownFileType = sourcecode.c.objc; path = AppDelegate.m; sourceTree = "<group>"; };
		9086B6541A89DCCA008884A0 /* BluetoothTool.xcdatamodel */ = {isa = PBXFileReference; lastKnownFileType = wrapper.xcdatamodel; path = BluetoothTool.xcdatamodel; sourceTree = "<group>"; };
		9086B6561A89DCCA008884A0 /* ViewController.h */ = {isa = PBXFileReference; lastKnownFileType = sourcecode.c.h; path = ViewController.h; sourceTree = "<group>"; };
		9086B6571A89DCCA008884A0 /* ViewController.m */ = {isa = PBXFileReference; lastKnownFileType = sourcecode.c.objc; path = ViewController.m; sourceTree = "<group>"; };
		9086B65A1A89DCCA008884A0 /* Base */ = {isa = PBXFileReference; lastKnownFileType = file.storyboard; name = Base; path = Base.lproj/Main.storyboard; sourceTree = "<group>"; };
		9086B65C1A89DCCA008884A0 /* Images.xcassets */ = {isa = PBXFileReference; lastKnownFileType = folder.assetcatalog; path = Images.xcassets; sourceTree = "<group>"; };
		9086B6651A89DCCA008884A0 /* BluetoothToolTests.xctest */ = {isa = PBXFileReference; explicitFileType = wrapper.cfbundle; includeInIndex = 0; path = BluetoothToolTests.xctest; sourceTree = BUILT_PRODUCTS_DIR; };
		9086B66A1A89DCCA008884A0 /* Info.plist */ = {isa = PBXFileReference; lastKnownFileType = text.plist.xml; path = Info.plist; sourceTree = "<group>"; };
		9086B66B1A89DCCA008884A0 /* BluetoothToolTests.m */ = {isa = PBXFileReference; lastKnownFileType = sourcecode.c.objc; path = BluetoothToolTests.m; sourceTree = "<group>"; };
		90D239ED1A89E3EC003F0382 /* ZSYPopoverListView.h */ = {isa = PBXFileReference; fileEncoding = 4; lastKnownFileType = sourcecode.c.h; path = ZSYPopoverListView.h; sourceTree = "<group>"; };
		90D239EE1A89E3EC003F0382 /* ZSYPopoverListView.m */ = {isa = PBXFileReference; fileEncoding = 4; lastKnownFileType = sourcecode.c.objc; path = ZSYPopoverListView.m; sourceTree = "<group>"; };
		90D239F31A89FBEA003F0382 /* fs_main_login_normal.png */ = {isa = PBXFileReference; lastKnownFileType = image.png; path = fs_main_login_normal.png; sourceTree = "<group>"; };
		90D239F41A89FBEA003F0382 /* fs_main_login_selected.png */ = {isa = PBXFileReference; lastKnownFileType = image.png; path = fs_main_login_selected.png; sourceTree = "<group>"; };
		90D239F71A8A0E1D003F0382 /* navigation.png */ = {isa = PBXFileReference; lastKnownFileType = image.png; path = navigation.png; sourceTree = "<group>"; };
		90D239F81A8A0E1D003F0382 /* navigation@2x.png */ = {isa = PBXFileReference; lastKnownFileType = image.png; path = "navigation@2x.png"; sourceTree = "<group>"; };
		90D239FB1A8A1F3D003F0382 /* icon_search.png */ = {isa = PBXFileReference; lastKnownFileType = image.png; path = icon_search.png; sourceTree = "<group>"; };
		90D239FC1A8A1F3D003F0382 /* icon_search@2x.png */ = {isa = PBXFileReference; lastKnownFileType = image.png; path = "icon_search@2x.png"; sourceTree = "<group>"; };
		90E99F711A9088C500C78936 /* LaunchScreen.xib */ = {isa = PBXFileReference; fileEncoding = 4; lastKnownFileType = file.xib; name = LaunchScreen.xib; path = BluetoothTool/LaunchScreen.xib; sourceTree = "<group>"; };
		90F92F141A8B7B51006833F6 /* CRBExternalAccessoryManager.h */ = {isa = PBXFileReference; fileEncoding = 4; lastKnownFileType = sourcecode.c.h; path = CRBExternalAccessoryManager.h; sourceTree = "<group>"; };
		90F92F151A8B7B51006833F6 /* CRBExternalAccessoryManager.m */ = {isa = PBXFileReference; fileEncoding = 4; lastKnownFileType = sourcecode.c.objc; path = CRBExternalAccessoryManager.m; sourceTree = "<group>"; };
		90F92F161A8B7B51006833F6 /* CRBExternalAccessorySessionController.h */ = {isa = PBXFileReference; fileEncoding = 4; lastKnownFileType = sourcecode.c.h; path = CRBExternalAccessorySessionController.h; sourceTree = "<group>"; };
		90F92F171A8B7B51006833F6 /* CRBExternalAccessorySessionController.m */ = {isa = PBXFileReference; fileEncoding = 4; lastKnownFileType = sourcecode.c.objc; path = CRBExternalAccessorySessionController.m; sourceTree = "<group>"; };
		90F92F1B1A8B860F006833F6 /* BlueToothAction.h */ = {isa = PBXFileReference; fileEncoding = 4; lastKnownFileType = sourcecode.c.h; path = BlueToothAction.h; sourceTree = "<group>"; };
		90F92F1C1A8B860F006833F6 /* BlueToothAction.m */ = {isa = PBXFileReference; fileEncoding = 4; lastKnownFileType = sourcecode.c.objc; path = BlueToothAction.m; sourceTree = "<group>"; };
		90F92F1D1A8B860F006833F6 /* BlueToothCharacteristic.h */ = {isa = PBXFileReference; fileEncoding = 4; lastKnownFileType = sourcecode.c.h; path = BlueToothCharacteristic.h; sourceTree = "<group>"; };
		90F92F1E1A8B860F006833F6 /* BlueToothCharacteristic.m */ = {isa = PBXFileReference; fileEncoding = 4; lastKnownFileType = sourcecode.c.objc; path = BlueToothCharacteristic.m; sourceTree = "<group>"; };
		90F92F1F1A8B860F006833F6 /* BlueToothHelper.h */ = {isa = PBXFileReference; fileEncoding = 4; lastKnownFileType = sourcecode.c.h; path = BlueToothHelper.h; sourceTree = "<group>"; };
		90F92F201A8B860F006833F6 /* BlueToothHelper.m */ = {isa = PBXFileReference; fileEncoding = 4; lastKnownFileType = sourcecode.c.objc; path = BlueToothHelper.m; sourceTree = "<group>"; };
		90F92F211A8B860F006833F6 /* BlueToothService.h */ = {isa = PBXFileReference; fileEncoding = 4; lastKnownFileType = sourcecode.c.h; path = BlueToothService.h; sourceTree = "<group>"; };
		90F92F221A8B860F006833F6 /* BlueToothService.m */ = {isa = PBXFileReference; fileEncoding = 4; lastKnownFileType = sourcecode.c.objc; path = BlueToothService.m; sourceTree = "<group>"; };
/* End PBXFileReference section */

/* Begin PBXFrameworksBuildPhase section */
		9086B6461A89DCCA008884A0 /* Frameworks */ = {
			isa = PBXFrameworksBuildPhase;
			buildActionMask = 2147483647;
			files = (
			);
			runOnlyForDeploymentPostprocessing = 0;
		};
		9086B6621A89DCCA008884A0 /* Frameworks */ = {
			isa = PBXFrameworksBuildPhase;
			buildActionMask = 2147483647;
			files = (
			);
			runOnlyForDeploymentPostprocessing = 0;
		};
/* End PBXFrameworksBuildPhase section */

/* Begin PBXGroup section */
		9086B6401A89DCCA008884A0 = {
			isa = PBXGroup;
			children = (
				90E99F711A9088C500C78936 /* LaunchScreen.xib */,
				9086B64B1A89DCCA008884A0 /* BluetoothTool */,
				9086B6681A89DCCA008884A0 /* BluetoothToolTests */,
				9086B64A1A89DCCA008884A0 /* Products */,
			);
			sourceTree = "<group>";
		};
		9086B64A1A89DCCA008884A0 /* Products */ = {
			isa = PBXGroup;
			children = (
				9086B6491A89DCCA008884A0 /* BluetoothTool.app */,
				9086B6651A89DCCA008884A0 /* BluetoothToolTests.xctest */,
			);
			name = Products;
			sourceTree = "<group>";
		};
		9086B64B1A89DCCA008884A0 /* BluetoothTool */ = {
			isa = PBXGroup;
			children = (
				90F92F1A1A8B860F006833F6 /* CoreBluetooth */,
				90F92F131A8B7B51006833F6 /* ExternalAccessory */,
				90D239F21A89FBEA003F0382 /* Resources */,
				90D239EA1A89E3EC003F0382 /* PopupView */,
				9086B6501A89DCCA008884A0 /* AppDelegate.h */,
				9086B6511A89DCCA008884A0 /* AppDelegate.m */,
				9086B6561A89DCCA008884A0 /* ViewController.h */,
				9086B6571A89DCCA008884A0 /* ViewController.m */,
				9086B6591A89DCCA008884A0 /* Main.storyboard */,
				9086B65C1A89DCCA008884A0 /* Images.xcassets */,
				9086B6531A89DCCA008884A0 /* BluetoothTool.xcdatamodeld */,
				9086B64C1A89DCCA008884A0 /* Supporting Files */,
			);
			path = BluetoothTool;
			sourceTree = "<group>";
		};
		9086B64C1A89DCCA008884A0 /* Supporting Files */ = {
			isa = PBXGroup;
			children = (
				9086B64D1A89DCCA008884A0 /* Info.plist */,
				9086B64E1A89DCCA008884A0 /* main.m */,
			);
			name = "Supporting Files";
			sourceTree = "<group>";
		};
		9086B6681A89DCCA008884A0 /* BluetoothToolTests */ = {
			isa = PBXGroup;
			children = (
				9086B66B1A89DCCA008884A0 /* BluetoothToolTests.m */,
				9086B6691A89DCCA008884A0 /* Supporting Files */,
			);
			path = BluetoothToolTests;
			sourceTree = "<group>";
		};
		9086B6691A89DCCA008884A0 /* Supporting Files */ = {
			isa = PBXGroup;
			children = (
				9086B66A1A89DCCA008884A0 /* Info.plist */,
			);
			name = "Supporting Files";
			sourceTree = "<group>";
		};
		90D239EA1A89E3EC003F0382 /* PopupView */ = {
			isa = PBXGroup;
			children = (
				90D239ED1A89E3EC003F0382 /* ZSYPopoverListView.h */,
				90D239EE1A89E3EC003F0382 /* ZSYPopoverListView.m */,
			);
			path = PopupView;
			sourceTree = "<group>";
		};
		90D239F21A89FBEA003F0382 /* Resources */ = {
			isa = PBXGroup;
			children = (
				90D239FB1A8A1F3D003F0382 /* icon_search.png */,
				90D239FC1A8A1F3D003F0382 /* icon_search@2x.png */,
				90D239F71A8A0E1D003F0382 /* navigation.png */,
				90D239F81A8A0E1D003F0382 /* navigation@2x.png */,
				90D239F31A89FBEA003F0382 /* fs_main_login_normal.png */,
				90D239F41A89FBEA003F0382 /* fs_main_login_selected.png */,
			);
			path = Resources;
			sourceTree = "<group>";
		};
		90F92F131A8B7B51006833F6 /* ExternalAccessory */ = {
			isa = PBXGroup;
			children = (
				90F92F141A8B7B51006833F6 /* CRBExternalAccessoryManager.h */,
				90F92F151A8B7B51006833F6 /* CRBExternalAccessoryManager.m */,
				90F92F161A8B7B51006833F6 /* CRBExternalAccessorySessionController.h */,
				90F92F171A8B7B51006833F6 /* CRBExternalAccessorySessionController.m */,
			);
			path = ExternalAccessory;
			sourceTree = "<group>";
		};
		90F92F1A1A8B860F006833F6 /* CoreBluetooth */ = {
			isa = PBXGroup;
			children = (
				90F92F1B1A8B860F006833F6 /* BlueToothAction.h */,
				90F92F1C1A8B860F006833F6 /* BlueToothAction.m */,
				90F92F1D1A8B860F006833F6 /* BlueToothCharacteristic.h */,
				90F92F1E1A8B860F006833F6 /* BlueToothCharacteristic.m */,
				90F92F1F1A8B860F006833F6 /* BlueToothHelper.h */,
				90F92F201A8B860F006833F6 /* BlueToothHelper.m */,
				90F92F211A8B860F006833F6 /* BlueToothService.h */,
				90F92F221A8B860F006833F6 /* BlueToothService.m */,
			);
			path = CoreBluetooth;
			sourceTree = "<group>";
		};
/* End PBXGroup section */

/* Begin PBXNativeTarget section */
		9086B6481A89DCCA008884A0 /* BluetoothTool */ = {
			isa = PBXNativeTarget;
			buildConfigurationList = 9086B66F1A89DCCA008884A0 /* Build configuration list for PBXNativeTarget "BluetoothTool" */;
			buildPhases = (
				9086B6451A89DCCA008884A0 /* Sources */,
				9086B6461A89DCCA008884A0 /* Frameworks */,
				9086B6471A89DCCA008884A0 /* Resources */,
			);
			buildRules = (
			);
			dependencies = (
			);
			name = BluetoothTool;
			productName = BluetoothTool;
			productReference = 9086B6491A89DCCA008884A0 /* BluetoothTool.app */;
			productType = "com.apple.product-type.application";
		};
		9086B6641A89DCCA008884A0 /* BluetoothToolTests */ = {
			isa = PBXNativeTarget;
			buildConfigurationList = 9086B6721A89DCCA008884A0 /* Build configuration list for PBXNativeTarget "BluetoothToolTests" */;
			buildPhases = (
				9086B6611A89DCCA008884A0 /* Sources */,
				9086B6621A89DCCA008884A0 /* Frameworks */,
				9086B6631A89DCCA008884A0 /* Resources */,
			);
			buildRules = (
			);
			dependencies = (
				9086B6671A89DCCA008884A0 /* PBXTargetDependency */,
			);
			name = BluetoothToolTests;
			productName = BluetoothToolTests;
			productReference = 9086B6651A89DCCA008884A0 /* BluetoothToolTests.xctest */;
			productType = "com.apple.product-type.bundle.unit-test";
		};
/* End PBXNativeTarget section */

/* Begin PBXProject section */
		9086B6411A89DCCA008884A0 /* Project object */ = {
			isa = PBXProject;
			attributes = {
				LastUpgradeCheck = 0610;
				ORGANIZATIONNAME = AGLogica;
				TargetAttributes = {
					9086B6481A89DCCA008884A0 = {
						CreatedOnToolsVersion = 6.1.1;
						SystemCapabilities = {
							com.apple.BackgroundModes = {
								enabled = 1;
							};
						};
					};
					9086B6641A89DCCA008884A0 = {
						CreatedOnToolsVersion = 6.1.1;
						TestTargetID = 9086B6481A89DCCA008884A0;
					};
				};
			};
			buildConfigurationList = 9086B6441A89DCCA008884A0 /* Build configuration list for PBXProject "BluetoothTool" */;
			compatibilityVersion = "Xcode 3.2";
			developmentRegion = English;
			hasScannedForEncodings = 0;
			knownRegions = (
				en,
				Base,
			);
			mainGroup = 9086B6401A89DCCA008884A0;
			productRefGroup = 9086B64A1A89DCCA008884A0 /* Products */;
			projectDirPath = "";
			projectRoot = "";
			targets = (
				9086B6481A89DCCA008884A0 /* BluetoothTool */,
				9086B6641A89DCCA008884A0 /* BluetoothToolTests */,
			);
		};
/* End PBXProject section */

/* Begin PBXResourcesBuildPhase section */
		9086B6471A89DCCA008884A0 /* Resources */ = {
			isa = PBXResourcesBuildPhase;
			buildActionMask = 2147483647;
			files = (
				90D239FD1A8A1F3D003F0382 /* icon_search.png in Resources */,
				90D239FA1A8A0E1D003F0382 /* navigation@2x.png in Resources */,
				90D239F61A89FBEA003F0382 /* fs_main_login_selected.png in Resources */,
				90D239F91A8A0E1D003F0382 /* navigation.png in Resources */,
				90D239FE1A8A1F3D003F0382 /* icon_search@2x.png in Resources */,
				90D239F51A89FBEA003F0382 /* fs_main_login_normal.png in Resources */,
				9086B65B1A89DCCA008884A0 /* Main.storyboard in Resources */,
				90E99F721A9088C500C78936 /* LaunchScreen.xib in Resources */,
				9086B65D1A89DCCA008884A0 /* Images.xcassets in Resources */,
			);
			runOnlyForDeploymentPostprocessing = 0;
		};
		9086B6631A89DCCA008884A0 /* Resources */ = {
			isa = PBXResourcesBuildPhase;
			buildActionMask = 2147483647;
			files = (
			);
			runOnlyForDeploymentPostprocessing = 0;
		};
/* End PBXResourcesBuildPhase section */

/* Begin PBXSourcesBuildPhase section */
		9086B6451A89DCCA008884A0 /* Sources */ = {
			isa = PBXSourcesBuildPhase;
			buildActionMask = 2147483647;
			files = (
				90F92F241A8B860F006833F6 /* BlueToothCharacteristic.m in Sources */,
				90F92F231A8B860F006833F6 /* BlueToothAction.m in Sources */,
				9086B6521A89DCCA008884A0 /* AppDelegate.m in Sources */,
				9086B64F1A89DCCA008884A0 /* main.m in Sources */,
				90F92F191A8B7B51006833F6 /* CRBExternalAccessorySessionController.m in Sources */,
				9086B6581A89DCCA008884A0 /* ViewController.m in Sources */,
				9086B6551A89DCCA008884A0 /* BluetoothTool.xcdatamodeld in Sources */,
				90D239F01A89E3EC003F0382 /* ZSYPopoverListView.m in Sources */,
				90F92F251A8B860F006833F6 /* BlueToothHelper.m in Sources */,
				90F92F181A8B7B51006833F6 /* CRBExternalAccessoryManager.m in Sources */,
				90F92F261A8B860F006833F6 /* BlueToothService.m in Sources */,
			);
			runOnlyForDeploymentPostprocessing = 0;
		};
		9086B6611A89DCCA008884A0 /* Sources */ = {
			isa = PBXSourcesBuildPhase;
			buildActionMask = 2147483647;
			files = (
				9086B66C1A89DCCA008884A0 /* BluetoothToolTests.m in Sources */,
			);
			runOnlyForDeploymentPostprocessing = 0;
		};
/* End PBXSourcesBuildPhase section */

/* Begin PBXTargetDependency section */
		9086B6671A89DCCA008884A0 /* PBXTargetDependency */ = {
			isa = PBXTargetDependency;
			target = 9086B6481A89DCCA008884A0 /* BluetoothTool */;
			targetProxy = 9086B6661A89DCCA008884A0 /* PBXContainerItemProxy */;
		};
/* End PBXTargetDependency section */

/* Begin PBXVariantGroup section */
		9086B6591A89DCCA008884A0 /* Main.storyboard */ = {
			isa = PBXVariantGroup;
			children = (
				9086B65A1A89DCCA008884A0 /* Base */,
			);
			name = Main.storyboard;
			sourceTree = "<group>";
		};
/* End PBXVariantGroup section */

/* Begin XCBuildConfiguration section */
		9086B66D1A89DCCA008884A0 /* Debug */ = {
			isa = XCBuildConfiguration;
			buildSettings = {
				ALWAYS_SEARCH_USER_PATHS = NO;
				CLANG_CXX_LANGUAGE_STANDARD = "gnu++0x";
				CLANG_CXX_LIBRARY = "libc++";
				CLANG_ENABLE_MODULES = YES;
				CLANG_ENABLE_OBJC_ARC = YES;
				CLANG_WARN_BOOL_CONVERSION = YES;
				CLANG_WARN_CONSTANT_CONVERSION = YES;
				CLANG_WARN_DIRECT_OBJC_ISA_USAGE = YES_ERROR;
				CLANG_WARN_EMPTY_BODY = YES;
				CLANG_WARN_ENUM_CONVERSION = YES;
				CLANG_WARN_INT_CONVERSION = YES;
				CLANG_WARN_OBJC_ROOT_CLASS = YES_ERROR;
				CLANG_WARN_UNREACHABLE_CODE = YES;
				CLANG_WARN__DUPLICATE_METHOD_MATCH = YES;
				"CODE_SIGN_IDENTITY[sdk=iphoneos*]" = "iPhone Developer";
				COPY_PHASE_STRIP = NO;
				ENABLE_STRICT_OBJC_MSGSEND = YES;
				GCC_C_LANGUAGE_STANDARD = gnu99;
				GCC_DYNAMIC_NO_PIC = NO;
				GCC_OPTIMIZATION_LEVEL = 0;
				GCC_PREPROCESSOR_DEFINITIONS = (
					"DEBUG=1",
					"$(inherited)",
				);
				GCC_SYMBOLS_PRIVATE_EXTERN = NO;
				GCC_WARN_64_TO_32_BIT_CONVERSION = YES;
				GCC_WARN_ABOUT_RETURN_TYPE = YES_ERROR;
				GCC_WARN_UNDECLARED_SELECTOR = YES;
				GCC_WARN_UNINITIALIZED_AUTOS = YES_AGGRESSIVE;
				GCC_WARN_UNUSED_FUNCTION = YES;
				GCC_WARN_UNUSED_VARIABLE = YES;
				IPHONEOS_DEPLOYMENT_TARGET = 8.1;
				MTL_ENABLE_DEBUG_INFO = YES;
				ONLY_ACTIVE_ARCH = YES;
				SDKROOT = iphoneos;
				TARGETED_DEVICE_FAMILY = "1,2";
			};
			name = Debug;
		};
		9086B66E1A89DCCA008884A0 /* Release */ = {
			isa = XCBuildConfiguration;
			buildSettings = {
				ALWAYS_SEARCH_USER_PATHS = NO;
				CLANG_CXX_LANGUAGE_STANDARD = "gnu++0x";
				CLANG_CXX_LIBRARY = "libc++";
				CLANG_ENABLE_MODULES = YES;
				CLANG_ENABLE_OBJC_ARC = YES;
				CLANG_WARN_BOOL_CONVERSION = YES;
				CLANG_WARN_CONSTANT_CONVERSION = YES;
				CLANG_WARN_DIRECT_OBJC_ISA_USAGE = YES_ERROR;
				CLANG_WARN_EMPTY_BODY = YES;
				CLANG_WARN_ENUM_CONVERSION = YES;
				CLANG_WARN_INT_CONVERSION = YES;
				CLANG_WARN_OBJC_ROOT_CLASS = YES_ERROR;
				CLANG_WARN_UNREACHABLE_CODE = YES;
				CLANG_WARN__DUPLICATE_METHOD_MATCH = YES;
				"CODE_SIGN_IDENTITY[sdk=iphoneos*]" = "iPhone Developer";
				COPY_PHASE_STRIP = YES;
				ENABLE_NS_ASSERTIONS = NO;
				ENABLE_STRICT_OBJC_MSGSEND = YES;
				GCC_C_LANGUAGE_STANDARD = gnu99;
				GCC_WARN_64_TO_32_BIT_CONVERSION = YES;
				GCC_WARN_ABOUT_RETURN_TYPE = YES_ERROR;
				GCC_WARN_UNDECLARED_SELECTOR = YES;
				GCC_WARN_UNINITIALIZED_AUTOS = YES_AGGRESSIVE;
				GCC_WARN_UNUSED_FUNCTION = YES;
				GCC_WARN_UNUSED_VARIABLE = YES;
				IPHONEOS_DEPLOYMENT_TARGET = 8.1;
				MTL_ENABLE_DEBUG_INFO = NO;
				SDKROOT = iphoneos;
				TARGETED_DEVICE_FAMILY = "1,2";
				VALIDATE_PRODUCT = YES;
			};
			name = Release;
		};
		9086B6701A89DCCA008884A0 /* Debug */ = {
			isa = XCBuildConfiguration;
			buildSettings = {
				ASSETCATALOG_COMPILER_APPICON_NAME = AppIcon;
				ASSETCATALOG_COMPILER_LAUNCHIMAGE_NAME = LaunchImage;
				INFOPLIST_FILE = BluetoothTool/Info.plist;
				IPHONEOS_DEPLOYMENT_TARGET = 7.0;
				LD_RUNPATH_SEARCH_PATHS = "$(inherited) @executable_path/Frameworks";
				PRODUCT_NAME = "$(TARGET_NAME)";
			};
			name = Debug;
		};
		9086B6711A89DCCA008884A0 /* Release */ = {
			isa = XCBuildConfiguration;
			buildSettings = {
				ASSETCATALOG_COMPILER_APPICON_NAME = AppIcon;
				ASSETCATALOG_COMPILER_LAUNCHIMAGE_NAME = LaunchImage;
				INFOPLIST_FILE = BluetoothTool/Info.plist;
				IPHONEOS_DEPLOYMENT_TARGET = 7.0;
				LD_RUNPATH_SEARCH_PATHS = "$(inherited) @executable_path/Frameworks";
				PRODUCT_NAME = "$(TARGET_NAME)";
			};
			name = Release;
		};
		9086B6731A89DCCA008884A0 /* Debug */ = {
			isa = XCBuildConfiguration;
			buildSettings = {
				BUNDLE_LOADER = "$(TEST_HOST)";
				FRAMEWORK_SEARCH_PATHS = (
					"$(SDKROOT)/Developer/Library/Frameworks",
					"$(inherited)",
				);
				GCC_PREPROCESSOR_DEFINITIONS = (
					"DEBUG=1",
					"$(inherited)",
				);
				INFOPLIST_FILE = BluetoothToolTests/Info.plist;
				LD_RUNPATH_SEARCH_PATHS = "$(inherited) @executable_path/Frameworks @loader_path/Frameworks";
				PRODUCT_NAME = "$(TARGET_NAME)";
				TEST_HOST = "$(BUILT_PRODUCTS_DIR)/BluetoothTool.app/BluetoothTool";
			};
			name = Debug;
		};
		9086B6741A89DCCA008884A0 /* Release */ = {
			isa = XCBuildConfiguration;
			buildSettings = {
				BUNDLE_LOADER = "$(TEST_HOST)";
				FRAMEWORK_SEARCH_PATHS = (
					"$(SDKROOT)/Developer/Library/Frameworks",
					"$(inherited)",
				);
				INFOPLIST_FILE = BluetoothToolTests/Info.plist;
				LD_RUNPATH_SEARCH_PATHS = "$(inherited) @executable_path/Frameworks @loader_path/Frameworks";
				PRODUCT_NAME = "$(TARGET_NAME)";
				TEST_HOST = "$(BUILT_PRODUCTS_DIR)/BluetoothTool.app/BluetoothTool";
			};
			name = Release;
		};
/* End XCBuildConfiguration section */

/* Begin XCConfigurationList section */
		9086B6441A89DCCA008884A0 /* Build configuration list for PBXProject "BluetoothTool" */ = {
			isa = XCConfigurationList;
			buildConfigurations = (
				9086B66D1A89DCCA008884A0 /* Debug */,
				9086B66E1A89DCCA008884A0 /* Release */,
			);
			defaultConfigurationIsVisible = 0;
			defaultConfigurationName = Release;
		};
		9086B66F1A89DCCA008884A0 /* Build configuration list for PBXNativeTarget "BluetoothTool" */ = {
			isa = XCConfigurationList;
			buildConfigurations = (
				9086B6701A89DCCA008884A0 /* Debug */,
				9086B6711A89DCCA008884A0 /* Release */,
			);
			defaultConfigurationIsVisible = 0;
			defaultConfigurationName = Release;
		};
		9086B6721A89DCCA008884A0 /* Build configuration list for PBXNativeTarget "BluetoothToolTests" */ = {
			isa = XCConfigurationList;
			buildConfigurations = (
				9086B6731A89DCCA008884A0 /* Debug */,
				9086B6741A89DCCA008884A0 /* Release */,
			);
			defaultConfigurationIsVisible = 0;
			defaultConfigurationName = Release;
		};
/* End XCConfigurationList section */

/* Begin XCVersionGroup section */
		9086B6531A89DCCA008884A0 /* BluetoothTool.xcdatamodeld */ = {
			isa = XCVersionGroup;
			children = (
				9086B6541A89DCCA008884A0 /* BluetoothTool.xcdatamodel */,
			);
			currentVersion = 9086B6541A89DCCA008884A0 /* BluetoothTool.xcdatamodel */;
			path = BluetoothTool.xcdatamodeld;
			sourceTree = "<group>";
			versionGroupType = wrapper.xcdatamodel;
		};
/* End XCVersionGroup section */
	};
	rootObject = 9086B6411A89DCCA008884A0 /* Project object */;
}
